
Microsoft Visual Studio Solution File, Format Version 12.00
# Visual Studio Version 16
VisualStudioVersion = 16.0.30717.126
MinimumVisualStudioVersion = 10.0.40219.1
Project("{FAE04EC0-301F-11D3-BF4B-00C04F79EFBC}") = "TicTacToe", "TicTacToe.csproj", "{C4BC9EDE-DED8-49F6-B9B4-27D470BC8508}"
EndProject
Global
	GlobalSection(SolutionConfigurationPlatforms) = preSolution
		Debug|Any CPU = Debug|Any CPU
		Release|Any CPU = Release|Any CPU
	EndGlobalSection
	GlobalSection(ProjectConfigurationPlatforms) = postSolution
		{C4BC9EDE-DED8-49F6-B9B4-27D470BC8508}.Debug|Any CPU.ActiveCfg = Debug|Any CPU
		{C4BC9EDE-DED8-49F6-B9B4-27D470BC8508}.Debug|Any CPU.Build.0 = Debug|Any CPU
		{C4BC9EDE-DED8-49F6-B9B4-27D470BC8508}.Release|Any CPU.ActiveCfg = Release|Any CPU
		{C4BC9EDE-DED8-49F6-B9B4-27D470BC8508}.Release|Any CPU.Build.0 = Release|Any CPU
	EndGlobalSection
	GlobalSection(SolutionProperties) = preSolution
		HideSolutionNode = FALSE
	EndGlobalSection
	GlobalSection(ExtensibilityGlobals) = postSolution
		SolutionGuid = {2BB511F9-E48F-4CD9-8E00-924482AE693B}
	EndGlobalSection
EndGlobal
